# This file is autogenerated, do not edit; changes may be undone by the next 'dep ensure'.


[[projects]]
  branch = "master"
  name = "github.com/snksoft/crc"
  packages = ["."]
  revision = "b1d83c94b790e14d4c89d312b8d143873a62bc27"

[solve-meta]
  analyzer-name = "dep"
  analyzer-version = 1
  inputs-digest = "dccb617b20b3ffc4b69e2fbc2dd1e63b2b4d656878ecc3d5c4beedc4423af683"
  solver-name = "gps-cdcl"
  solver-version = 1
